
Microsoft Visual Studio Solution File, Format Version 12.00
# Visual Studio Version 17
VisualStudioVersion = 17.0.32014.148
MinimumVisualStudioVersion = 10.0.40219.1
Project("{9A19103F-16F7-4668-BE54-9A1E7A4F7556}") = "PPC.API", "PPC.API\PPC.API.csproj", "{33A4C66E-6332-451E-9624-8D6D58A6E51F}"
EndProject
Project("{9A19103F-16F7-4668-BE54-9A1E7A4F7556}") = "PPC.Base", "PPC.Base\PPC.Base.csproj", "{FD8EE623-32A6-44A0-8D4D-113E38C8A79F}"
EndProject
Project("{9A19103F-16F7-4668-BE54-9A1E7A4F7556}") = "PPC.Core", "PPC.Core\PPC.Core.csproj", "{93123E84-93C0-4338-8DED-6B355B4C4272}"
EndProject
Project("{9A19103F-16F7-4668-BE54-9A1E7A4F7556}") = "PPC.Response", "PPC.Response\PPC.Response.csproj", "{1C221200-DCF3-4BA9-B9E5-9DF9621DBBF8}"
EndProject
Project("{2150E333-8FDC-42A3-9474-1A3956D46DE8}") = "LIB", "LIB", "{EE551EC4-21F5-422E-8D21-1E616A2FE77A}"
EndProject
Project("{9A19103F-16F7-4668-BE54-9A1E7A4F7556}") = "PPC.Common", "PPC.Common\PPC.Common.csproj", "{35D0A7C7-0DBA-496C-B73B-0ABE81AE37E3}"
EndProject
Project("{FAE04EC0-301F-11D3-BF4B-00C04F79EFBC}") = "Resources", "Resources\Resources.csproj", "{07C4E139-E3C9-42A4-BB18-6B9F522634B4}"
EndProject
Project("{2150E333-8FDC-42A3-9474-1A3956D46DE8}") = "Framework", "Framework", "{B9F8F97A-7550-4691-A116-A0C3A60479A6}"
EndProject
Project("{9A19103F-16F7-4668-BE54-9A1E7A4F7556}") = "ExtUtility", "Framework\ExtUtility\ExtUtility.csproj", "{409D0DA2-0805-44B2-9742-1B7E34CE53BE}"
EndProject
Project("{9A19103F-16F7-4668-BE54-9A1E7A4F7556}") = "Seedwork.Abstractions", "Framework\Seedwork.Abstractions\Seedwork.Abstractions.csproj", "{4014ACF2-F9AC-4B95-A039-593E1383F2E8}"
EndProject
Global
	GlobalSection(SolutionConfigurationPlatforms) = preSolution
		Debug|Any CPU = Debug|Any CPU
		Release|Any CPU = Release|Any CPU
	EndGlobalSection
	GlobalSection(ProjectConfigurationPlatforms) = postSolution
		{33A4C66E-6332-451E-9624-8D6D58A6E51F}.Debug|Any CPU.ActiveCfg = Debug|Any CPU
		{33A4C66E-6332-451E-9624-8D6D58A6E51F}.Debug|Any CPU.Build.0 = Debug|Any CPU
		{33A4C66E-6332-451E-9624-8D6D58A6E51F}.Release|Any CPU.ActiveCfg = Release|Any CPU
		{33A4C66E-6332-451E-9624-8D6D58A6E51F}.Release|Any CPU.Build.0 = Release|Any CPU
		{FD8EE623-32A6-44A0-8D4D-113E38C8A79F}.Debug|Any CPU.ActiveCfg = Debug|Any CPU
		{FD8EE623-32A6-44A0-8D4D-113E38C8A79F}.Debug|Any CPU.Build.0 = Debug|Any CPU
		{FD8EE623-32A6-44A0-8D4D-113E38C8A79F}.Release|Any CPU.ActiveCfg = Release|Any CPU
		{FD8EE623-32A6-44A0-8D4D-113E38C8A79F}.Release|Any CPU.Build.0 = Release|Any CPU
		{93123E84-93C0-4338-8DED-6B355B4C4272}.Debug|Any CPU.ActiveCfg = Debug|Any CPU
		{93123E84-93C0-4338-8DED-6B355B4C4272}.Debug|Any CPU.Build.0 = Debug|Any CPU
		{93123E84-93C0-4338-8DED-6B355B4C4272}.Release|Any CPU.ActiveCfg = Release|Any CPU
		{93123E84-93C0-4338-8DED-6B355B4C4272}.Release|Any CPU.Build.0 = Release|Any CPU
		{1C221200-DCF3-4BA9-B9E5-9DF9621DBBF8}.Debug|Any CPU.ActiveCfg = Debug|Any CPU
		{1C221200-DCF3-4BA9-B9E5-9DF9621DBBF8}.Debug|Any CPU.Build.0 = Debug|Any CPU
		{1C221200-DCF3-4BA9-B9E5-9DF9621DBBF8}.Release|Any CPU.ActiveCfg = Release|Any CPU
		{1C221200-DCF3-4BA9-B9E5-9DF9621DBBF8}.Release|Any CPU.Build.0 = Release|Any CPU
		{35D0A7C7-0DBA-496C-B73B-0ABE81AE37E3}.Debug|Any CPU.ActiveCfg = Debug|Any CPU
		{35D0A7C7-0DBA-496C-B73B-0ABE81AE37E3}.Debug|Any CPU.Build.0 = Debug|Any CPU
		{35D0A7C7-0DBA-496C-B73B-0ABE81AE37E3}.Release|Any CPU.ActiveCfg = Release|Any CPU
		{35D0A7C7-0DBA-496C-B73B-0ABE81AE37E3}.Release|Any CPU.Build.0 = Release|Any CPU
		{07C4E139-E3C9-42A4-BB18-6B9F522634B4}.Debug|Any CPU.ActiveCfg = Debug|Any CPU
		{07C4E139-E3C9-42A4-BB18-6B9F522634B4}.Debug|Any CPU.Build.0 = Debug|Any CPU
		{07C4E139-E3C9-42A4-BB18-6B9F522634B4}.Release|Any CPU.ActiveCfg = Release|Any CPU
		{07C4E139-E3C9-42A4-BB18-6B9F522634B4}.Release|Any CPU.Build.0 = Release|Any CPU
		{409D0DA2-0805-44B2-9742-1B7E34CE53BE}.Debug|Any CPU.ActiveCfg = Debug|Any CPU
		{409D0DA2-0805-44B2-9742-1B7E34CE53BE}.Debug|Any CPU.Build.0 = Debug|Any CPU
		{409D0DA2-0805-44B2-9742-1B7E34CE53BE}.Release|Any CPU.ActiveCfg = Release|Any CPU
		{409D0DA2-0805-44B2-9742-1B7E34CE53BE}.Release|Any CPU.Build.0 = Release|Any CPU
		{4014ACF2-F9AC-4B95-A039-593E1383F2E8}.Debug|Any CPU.ActiveCfg = Debug|Any CPU
		{4014ACF2-F9AC-4B95-A039-593E1383F2E8}.Debug|Any CPU.Build.0 = Debug|Any CPU
		{4014ACF2-F9AC-4B95-A039-593E1383F2E8}.Release|Any CPU.ActiveCfg = Release|Any CPU
		{4014ACF2-F9AC-4B95-A039-593E1383F2E8}.Release|Any CPU.Build.0 = Release|Any CPU
	EndGlobalSection
	GlobalSection(SolutionProperties) = preSolution
		HideSolutionNode = FALSE
	EndGlobalSection
	GlobalSection(NestedProjects) = preSolution
		{FD8EE623-32A6-44A0-8D4D-113E38C8A79F} = {EE551EC4-21F5-422E-8D21-1E616A2FE77A}
		{93123E84-93C0-4338-8DED-6B355B4C4272} = {EE551EC4-21F5-422E-8D21-1E616A2FE77A}
		{1C221200-DCF3-4BA9-B9E5-9DF9621DBBF8} = {EE551EC4-21F5-422E-8D21-1E616A2FE77A}
		{35D0A7C7-0DBA-496C-B73B-0ABE81AE37E3} = {EE551EC4-21F5-422E-8D21-1E616A2FE77A}
		{07C4E139-E3C9-42A4-BB18-6B9F522634B4} = {EE551EC4-21F5-422E-8D21-1E616A2FE77A}
		{B9F8F97A-7550-4691-A116-A0C3A60479A6} = {EE551EC4-21F5-422E-8D21-1E616A2FE77A}
		{409D0DA2-0805-44B2-9742-1B7E34CE53BE} = {B9F8F97A-7550-4691-A116-A0C3A60479A6}
		{4014ACF2-F9AC-4B95-A039-593E1383F2E8} = {B9F8F97A-7550-4691-A116-A0C3A60479A6}
	EndGlobalSection
	GlobalSection(ExtensibilityGlobals) = postSolution
		SolutionGuid = {7FB2AC7F-FA55-4058-9574-AF8E84514CED}
	EndGlobalSection
EndGlobal
